// !$*UTF8*$!
{
	archiveVersion = 1;
	classes = {
	};
	objectVersion = 52;
	objects = {

/* Begin PBXBuildFile section */
		E2B531442398E3500041751D /* PinnParser.swift in Sources */ = {isa = PBXBuildFile; fileRef = E2B531382398E3500041751D /* PinnParser.swift */; };
		E2B531452398E3500041751D /* PinnParserATN.swift in Sources */ = {isa = PBXBuildFile; fileRef = E2B531392398E3500041751D /* PinnParserATN.swift */; };
		E2B531462398E3500041751D /* Kind.swift in Sources */ = {isa = PBXBuildFile; fileRef = E2B5313A2398E3500041751D /* Kind.swift */; };
		E2B531472398E3500041751D /* protocols.swift in Sources */ = {isa = PBXBuildFile; fileRef = E2B5313B2398E3500041751D /* protocols.swift */; };
		E2B531482398E3500041751D /* Pvisitor.swift in Sources */ = {isa = PBXBuildFile; fileRef = E2B5313C2398E3500041751D /* Pvisitor.swift */; };
		E2B531492398E3500041751D /* Perr.swift in Sources */ = {isa = PBXBuildFile; fileRef = E2B5313D2398E3500041751D /* Perr.swift */; };
		E2B5314A2398E3500041751D /* aux.swift in Sources */ = {isa = PBXBuildFile; fileRef = E2B5313E2398E3500041751D /* aux.swift */; };
		E2B5314B2398E3500041751D /* Pval.swift in Sources */ = {isa = PBXBuildFile; fileRef = E2B5313F2398E3500041751D /* Pval.swift */; };
		E2B5314C2398E3500041751D /* PinnLexerATN.swift in Sources */ = {isa = PBXBuildFile; fileRef = E2B531402398E3500041751D /* PinnLexerATN.swift */; };
		E2B5314D2398E3500041751D /* PinnLexer.swift in Sources */ = {isa = PBXBuildFile; fileRef = E2B531412398E3500041751D /* PinnLexer.swift */; };
		E2B5314E2398E3500041751D /* main.swift in Sources */ = {isa = PBXBuildFile; fileRef = E2B531422398E3500041751D /* main.swift */; };
		E2B5314F2398E3500041751D /* global.swift in Sources */ = {isa = PBXBuildFile; fileRef = E2B531432398E3500041751D /* global.swift */; };
		E2D584912405ECE2002ED255 /* extensions.swift in Sources */ = {isa = PBXBuildFile; fileRef = E2D5848D2405ECE2002ED255 /* extensions.swift */; };
		E2D584922405ECE2002ED255 /* function.swift in Sources */ = {isa = PBXBuildFile; fileRef = E2D5848E2405ECE2002ED255 /* function.swift */; };
		E2D584932405ECE2002ED255 /* Single.swift in Sources */ = {isa = PBXBuildFile; fileRef = E2D5848F2405ECE2002ED255 /* Single.swift */; };
		E2D584942405ECE2002ED255 /* Gtype.swift in Sources */ = {isa = PBXBuildFile; fileRef = E2D584902405ECE2002ED255 /* Gtype.swift */; };
		E2E3BB912398DDA200AB9A98 /* Antlr4 in Frameworks */ = {isa = PBXBuildFile; productRef = E2E3BB902398DDA200AB9A98 /* Antlr4 */; };
		E2E3BB922398DDA200AB9A98 /* Antlr4 in Embed Frameworks */ = {isa = PBXBuildFile; productRef = E2E3BB902398DDA200AB9A98 /* Antlr4 */; settings = {ATTRIBUTES = (CodeSignOnCopy, ); }; };
/* End PBXBuildFile section */

/* Begin PBXBuildRule section */
		E2D2DBFE2366B86C00E0CC35 /* PBXBuildRule */ = {
			isa = PBXBuildRule;
			compilerSpec = com.apple.compilers.proxy.script;
			fileType = pattern.proxy;
			inputFiles = (
			);
			isEditable = 1;
			outputFiles = (
			);
			script = "# Type a script or drag a script file from your workspace to insert its path.\n\n";
		};
/* End PBXBuildRule section */

/* Begin PBXCopyFilesBuildPhase section */
		E254FD63236FEF8C0094DFA9 /* Embed Frameworks */ = {
			isa = PBXCopyFilesBuildPhase;
			buildActionMask = 2147483647;
			dstPath = "";
			dstSubfolderSpec = 10;
			files = (
				E2E3BB922398DDA200AB9A98 /* Antlr4 in Embed Frameworks */,
			);
			name = "Embed Frameworks";
			runOnlyForDeploymentPostprocessing = 0;
		};
		E2673960235BC825000CF830 /* CopyFiles */ = {
			isa = PBXCopyFilesBuildPhase;
			buildActionMask = 2147483647;
			dstPath = /usr/share/man/man1/;
			dstSubfolderSpec = 0;
			files = (
			);
			runOnlyForDeploymentPostprocessing = 1;
		};
/* End PBXCopyFilesBuildPhase section */

/* Begin PBXFileReference section */
		E218086924A82A8A0041ECE1 /* tcontrol.pinn */ = {isa = PBXFileReference; explicitFileType = sourcecode.c; path = tcontrol.pinn; sourceTree = "<group>"; };
		E218086A24A83BBF0041ECE1 /* xeek.pinn */ = {isa = PBXFileReference; lastKnownFileType = text; path = xeek.pinn; sourceTree = "<group>"; };
		E22C2FA62399FD9E007AD1D5 /* Antlr4-swift */ = {isa = PBXFileReference; lastKnownFileType = folder; path = "Antlr4-swift"; sourceTree = "<group>"; };
		E2673962235BC825000CF830 /* pinn */ = {isa = PBXFileReference; explicitFileType = "compiled.mach-o.executable"; includeInIndex = 0; path = pinn; sourceTree = BUILT_PRODUCTS_DIR; };
		E2B287D3248A1351000A968F /* paused.pinn */ = {isa = PBXFileReference; lastKnownFileType = text; path = paused.pinn; sourceTree = "<group>"; };
		E2B287D4248A1351000A968F /* types.pinn */ = {isa = PBXFileReference; explicitFileType = sourcecode.c; path = types.pinn; sourceTree = "<group>"; };
		E2B287D5248A1351000A968F /* baduk.pinn */ = {isa = PBXFileReference; explicitFileType = sourcecode.c; path = baduk.pinn; sourceTree = "<group>"; };
		E2B287D6248A1351000A968F /* heap.pinn */ = {isa = PBXFileReference; lastKnownFileType = text; path = heap.pinn; sourceTree = "<group>"; };
		E2B287D8248A1351000A968F /* tic.pinn */ = {isa = PBXFileReference; explicitFileType = sourcecode.c; path = tic.pinn; sourceTree = "<group>"; };
		E2B531382398E3500041751D /* PinnParser.swift */ = {isa = PBXFileReference; fileEncoding = 4; lastKnownFileType = sourcecode.swift; name = PinnParser.swift; path = src/PinnParser.swift; sourceTree = "<group>"; };
		E2B531392398E3500041751D /* PinnParserATN.swift */ = {isa = PBXFileReference; fileEncoding = 4; lastKnownFileType = sourcecode.swift; name = PinnParserATN.swift; path = src/PinnParserATN.swift; sourceTree = "<group>"; };
		E2B5313A2398E3500041751D /* Kind.swift */ = {isa = PBXFileReference; fileEncoding = 4; lastKnownFileType = sourcecode.swift; name = Kind.swift; path = src/Kind.swift; sourceTree = "<group>"; };
		E2B5313B2398E3500041751D /* protocols.swift */ = {isa = PBXFileReference; fileEncoding = 4; lastKnownFileType = sourcecode.swift; name = protocols.swift; path = src/protocols.swift; sourceTree = "<group>"; };
		E2B5313C2398E3500041751D /* Pvisitor.swift */ = {isa = PBXFileReference; fileEncoding = 4; lastKnownFileType = sourcecode.swift; name = Pvisitor.swift; path = src/Pvisitor.swift; sourceTree = "<group>"; };
		E2B5313D2398E3500041751D /* Perr.swift */ = {isa = PBXFileReference; fileEncoding = 4; lastKnownFileType = sourcecode.swift; name = Perr.swift; path = src/Perr.swift; sourceTree = "<group>"; };
		E2B5313E2398E3500041751D /* aux.swift */ = {isa = PBXFileReference; fileEncoding = 4; lastKnownFileType = sourcecode.swift; name = aux.swift; path = src/aux.swift; sourceTree = "<group>"; };
		E2B5313F2398E3500041751D /* Pval.swift */ = {isa = PBXFileReference; fileEncoding = 4; lastKnownFileType = sourcecode.swift; name = Pval.swift; path = src/Pval.swift; sourceTree = "<group>"; };
		E2B531402398E3500041751D /* PinnLexerATN.swift */ = {isa = PBXFileReference; fileEncoding = 4; lastKnownFileType = sourcecode.swift; name = PinnLexerATN.swift; path = src/PinnLexerATN.swift; sourceTree = "<group>"; };
		E2B531412398E3500041751D /* PinnLexer.swift */ = {isa = PBXFileReference; fileEncoding = 4; lastKnownFileType = sourcecode.swift; name = PinnLexer.swift; path = src/PinnLexer.swift; sourceTree = "<group>"; };
		E2B531422398E3500041751D /* main.swift */ = {isa = PBXFileReference; fileEncoding = 4; lastKnownFileType = sourcecode.swift; name = main.swift; path = src/main.swift; sourceTree = "<group>"; };
		E2B531432398E3500041751D /* global.swift */ = {isa = PBXFileReference; fileEncoding = 4; lastKnownFileType = sourcecode.swift; name = global.swift; path = src/global.swift; sourceTree = "<group>"; };
		E2BC3DB42387733B002D9413 /* a.pinn */ = {isa = PBXFileReference; explicitFileType = sourcecode.c; fileEncoding = 4; indentWidth = 2; path = a.pinn; sourceTree = "<group>"; tabWidth = 2; usesTabs = 0; };
		E2D2DBFB2366B76500E0CC35 /* Pinn.g4 */ = {isa = PBXFileReference; lastKnownFileType = text; path = Pinn.g4; sourceTree = "<group>"; };
		E2D5848D2405ECE2002ED255 /* extensions.swift */ = {isa = PBXFileReference; fileEncoding = 4; lastKnownFileType = sourcecode.swift; name = extensions.swift; path = src/extensions.swift; sourceTree = "<group>"; };
		E2D5848E2405ECE2002ED255 /* function.swift */ = {isa = PBXFileReference; fileEncoding = 4; lastKnownFileType = sourcecode.swift; name = function.swift; path = src/function.swift; sourceTree = "<group>"; };
		E2D5848F2405ECE2002ED255 /* Single.swift */ = {isa = PBXFileReference; fileEncoding = 4; lastKnownFileType = sourcecode.swift; name = Single.swift; path = src/Single.swift; sourceTree = "<group>"; };
		E2D584902405ECE2002ED255 /* Gtype.swift */ = {isa = PBXFileReference; fileEncoding = 4; lastKnownFileType = sourcecode.swift; name = Gtype.swift; path = src/Gtype.swift; sourceTree = "<group>"; };
		E2EB00862403246D00593370 /* snip.pinn */ = {isa = PBXFileReference; lastKnownFileType = text; path = snip.pinn; sourceTree = "<group>"; };
/* End PBXFileReference section */

/* Begin PBXFrameworksBuildPhase section */
		E267395F235BC825000CF830 /* Frameworks */ = {
			isa = PBXFrameworksBuildPhase;
			buildActionMask = 2147483647;
			files = (
				E2E3BB912398DDA200AB9A98 /* Antlr4 in Frameworks */,
			);
			runOnlyForDeploymentPostprocessing = 0;
		};
/* End PBXFrameworksBuildPhase section */

/* Begin PBXGroup section */
		E2673959235BC825000CF830 = {
			isa = PBXGroup;
			children = (
				E218086A24A83BBF0041ECE1 /* xeek.pinn */,
				E218086924A82A8A0041ECE1 /* tcontrol.pinn */,
				E2B287D5248A1351000A968F /* baduk.pinn */,
				E2B287D6248A1351000A968F /* heap.pinn */,
				E2B287D3248A1351000A968F /* paused.pinn */,
				E2B287D8248A1351000A968F /* tic.pinn */,
				E2B287D4248A1351000A968F /* types.pinn */,
				E2EB00862403246D00593370 /* snip.pinn */,
				E2D5848D2405ECE2002ED255 /* extensions.swift */,
				E2D5848E2405ECE2002ED255 /* function.swift */,
				E2D584902405ECE2002ED255 /* Gtype.swift */,
				E2D5848F2405ECE2002ED255 /* Single.swift */,
				E22C2FA62399FD9E007AD1D5 /* Antlr4-swift */,
				E2B5313E2398E3500041751D /* aux.swift */,
				E2B531432398E3500041751D /* global.swift */,
				E2B5313A2398E3500041751D /* Kind.swift */,
				E2B531422398E3500041751D /* main.swift */,
				E2B5313D2398E3500041751D /* Perr.swift */,
				E2B531412398E3500041751D /* PinnLexer.swift */,
				E2B531402398E3500041751D /* PinnLexerATN.swift */,
				E2B531382398E3500041751D /* PinnParser.swift */,
				E2B531392398E3500041751D /* PinnParserATN.swift */,
				E2B5313B2398E3500041751D /* protocols.swift */,
				E2B5313F2398E3500041751D /* Pval.swift */,
				E2B5313C2398E3500041751D /* Pvisitor.swift */,
				E2BC3DB42387733B002D9413 /* a.pinn */,
				E2D2DBFB2366B76500E0CC35 /* Pinn.g4 */,
				E2673963235BC825000CF830 /* Products */,
			);
			sourceTree = "<group>";
		};
		E2673963235BC825000CF830 /* Products */ = {
			isa = PBXGroup;
			children = (
				E2673962235BC825000CF830 /* pinn */,
			);
			name = Products;
			sourceTree = "<group>";
		};
/* End PBXGroup section */

/* Begin PBXNativeTarget section */
		E2673961235BC825000CF830 /* pinn */ = {
			isa = PBXNativeTarget;
			buildConfigurationList = E2673969235BC825000CF830 /* Build configuration list for PBXNativeTarget "pinn" */;
			buildPhases = (
				E2D2DBFF2366BA2E00E0CC35 /* ShellScript */,
				E267395E235BC825000CF830 /* Sources */,
				E267395F235BC825000CF830 /* Frameworks */,
				E2673960235BC825000CF830 /* CopyFiles */,
				E254FD63236FEF8C0094DFA9 /* Embed Frameworks */,
			);
			buildRules = (
				E2D2DBFE2366B86C00E0CC35 /* PBXBuildRule */,
			);
			dependencies = (
			);
			name = pinn;
			packageProductDependencies = (
				E2E3BB902398DDA200AB9A98 /* Antlr4 */,
			);
			productName = pinn;
			productReference = E2673962235BC825000CF830 /* pinn */;
			productType = "com.apple.product-type.tool";
		};
/* End PBXNativeTarget section */

/* Begin PBXProject section */
		E267395A235BC825000CF830 /* Project object */ = {
			isa = PBXProject;
			attributes = {
				LastSwiftUpdateCheck = 1120;
				LastUpgradeCheck = 1120;
				ORGANIZATIONNAME = "Ryan Keppel";
				TargetAttributes = {
					E2673961235BC825000CF830 = {
						CreatedOnToolsVersion = 11.0;
						LastSwiftMigration = 1120;
					};
				};
			};
			buildConfigurationList = E267395D235BC825000CF830 /* Build configuration list for PBXProject "pinn" */;
			compatibilityVersion = "Xcode 9.3";
			developmentRegion = en;
			hasScannedForEncodings = 0;
			knownRegions = (
				en,
				Base,
			);
			mainGroup = E2673959235BC825000CF830;
			productRefGroup = E2673963235BC825000CF830 /* Products */;
			projectDirPath = "";
			projectRoot = "";
			targets = (
				E2673961235BC825000CF830 /* pinn */,
			);
		};
/* End PBXProject section */

/* Begin PBXShellScriptBuildPhase section */
		E2D2DBFF2366BA2E00E0CC35 /* ShellScript */ = {
			isa = PBXShellScriptBuildPhase;
			buildActionMask = 2147483647;
			files = (
			);
			inputFileListPaths = (
			);
			inputPaths = (
			);
			outputFileListPaths = (
			);
			outputPaths = (
			);
			runOnlyForDeploymentPostprocessing = 0;
			shellPath = /bin/sh;
			shellScript = "# Type a script or drag a script file from your workspace to insert its path.\n\ncp *.pinn /tmp\n: java -jar /usr/local/lib/antlr.jar -no-listener -Dlanguage=Swift -message-format gnu -Werror Pinn.g4\n";
		};
/* End PBXShellScriptBuildPhase section */

/* Begin PBXSourcesBuildPhase section */
		E267395E235BC825000CF830 /* Sources */ = {
			isa = PBXSourcesBuildPhase;
			buildActionMask = 2147483647;
			files = (
				E2D584932405ECE2002ED255 /* Single.swift in Sources */,
				E2B5314F2398E3500041751D /* global.swift in Sources */,
				E2B5314B2398E3500041751D /* Pval.swift in Sources */,
				E2B531442398E3500041751D /* PinnParser.swift in Sources */,
				E2D584922405ECE2002ED255 /* function.swift in Sources */,
				E2B531482398E3500041751D /* Pvisitor.swift in Sources */,
				E2B531492398E3500041751D /* Perr.swift in Sources */,
				E2B531452398E3500041751D /* PinnParserATN.swift in Sources */,
				E2B5314C2398E3500041751D /* PinnLexerATN.swift in Sources */,
				E2D584912405ECE2002ED255 /* extensions.swift in Sources */,
				E2B5314A2398E3500041751D /* aux.swift in Sources */,
				E2B5314E2398E3500041751D /* main.swift in Sources */,
				E2B531462398E3500041751D /* Kind.swift in Sources */,
				E2B531472398E3500041751D /* protocols.swift in Sources */,
				E2B5314D2398E3500041751D /* PinnLexer.swift in Sources */,
				E2D584942405ECE2002ED255 /* Gtype.swift in Sources */,
			);
			runOnlyForDeploymentPostprocessing = 0;
		};
/* End PBXSourcesBuildPhase section */

/* Begin XCBuildConfiguration section */
		E2673967235BC825000CF830 /* Debug */ = {
			isa = XCBuildConfiguration;
			buildSettings = {
				ALWAYS_SEARCH_USER_PATHS = NO;
				CLANG_ANALYZER_NONNULL = YES;
				CLANG_ANALYZER_NUMBER_OBJECT_CONVERSION = YES_AGGRESSIVE;
				CLANG_CXX_LANGUAGE_STANDARD = "gnu++14";
				CLANG_CXX_LIBRARY = "libc++";
				CLANG_ENABLE_MODULES = YES;
				CLANG_ENABLE_OBJC_ARC = YES;
				CLANG_ENABLE_OBJC_WEAK = YES;
				CLANG_WARN_BLOCK_CAPTURE_AUTORELEASING = YES;
				CLANG_WARN_BOOL_CONVERSION = YES;
				CLANG_WARN_COMMA = YES;
				CLANG_WARN_CONSTANT_CONVERSION = YES;
				CLANG_WARN_DEPRECATED_OBJC_IMPLEMENTATIONS = YES;
				CLANG_WARN_DIRECT_OBJC_ISA_USAGE = YES_ERROR;
				CLANG_WARN_DOCUMENTATION_COMMENTS = YES;
				CLANG_WARN_EMPTY_BODY = YES;
				CLANG_WARN_ENUM_CONVERSION = YES;
				CLANG_WARN_INFINITE_RECURSION = YES;
				CLANG_WARN_INT_CONVERSION = YES;
				CLANG_WARN_NON_LITERAL_NULL_CONVERSION = YES;
				CLANG_WARN_OBJC_IMPLICIT_RETAIN_SELF = YES;
				CLANG_WARN_OBJC_LITERAL_CONVERSION = YES;
				CLANG_WARN_OBJC_ROOT_CLASS = YES_ERROR;
				CLANG_WARN_RANGE_LOOP_ANALYSIS = YES;
				CLANG_WARN_STRICT_PROTOTYPES = YES;
				CLANG_WARN_SUSPICIOUS_MOVE = YES;
				CLANG_WARN_UNGUARDED_AVAILABILITY = YES_AGGRESSIVE;
				CLANG_WARN_UNREACHABLE_CODE = YES;
				CLANG_WARN__DUPLICATE_METHOD_MATCH = YES;
				COPY_PHASE_STRIP = NO;
				DEBUG_INFORMATION_FORMAT = dwarf;
				ENABLE_STRICT_OBJC_MSGSEND = YES;
				ENABLE_TESTABILITY = YES;
				GCC_C_LANGUAGE_STANDARD = gnu11;
				GCC_DYNAMIC_NO_PIC = NO;
				GCC_NO_COMMON_BLOCKS = YES;
				GCC_OPTIMIZATION_LEVEL = 0;
				GCC_PREPROCESSOR_DEFINITIONS = (
					"DEBUG=1",
					"$(inherited)",
				);
				GCC_WARN_64_TO_32_BIT_CONVERSION = YES;
				GCC_WARN_ABOUT_RETURN_TYPE = YES_ERROR;
				GCC_WARN_UNDECLARED_SELECTOR = YES;
				GCC_WARN_UNINITIALIZED_AUTOS = YES_AGGRESSIVE;
				GCC_WARN_UNUSED_FUNCTION = YES;
				GCC_WARN_UNUSED_VARIABLE = YES;
				MACOSX_DEPLOYMENT_TARGET = 10.15;
				MTL_ENABLE_DEBUG_INFO = INCLUDE_SOURCE;
				MTL_FAST_MATH = YES;
				ONLY_ACTIVE_ARCH = YES;
				SDKROOT = macosx;
				SWIFT_ACTIVE_COMPILATION_CONDITIONS = DEBUG;
				SWIFT_OPTIMIZATION_LEVEL = "-Onone";
			};
			name = Debug;
		};
		E2673968235BC825000CF830 /* Release */ = {
			isa = XCBuildConfiguration;
			buildSettings = {
				ALWAYS_SEARCH_USER_PATHS = NO;
				CLANG_ANALYZER_NONNULL = YES;
				CLANG_ANALYZER_NUMBER_OBJECT_CONVERSION = YES_AGGRESSIVE;
				CLANG_CXX_LANGUAGE_STANDARD = "gnu++14";
				CLANG_CXX_LIBRARY = "libc++";
				CLANG_ENABLE_MODULES = YES;
				CLANG_ENABLE_OBJC_ARC = YES;
				CLANG_ENABLE_OBJC_WEAK = YES;
				CLANG_WARN_BLOCK_CAPTURE_AUTORELEASING = YES;
				CLANG_WARN_BOOL_CONVERSION = YES;
				CLANG_WARN_COMMA = YES;
				CLANG_WARN_CONSTANT_CONVERSION = YES;
				CLANG_WARN_DEPRECATED_OBJC_IMPLEMENTATIONS = YES;
				CLANG_WARN_DIRECT_OBJC_ISA_USAGE = YES_ERROR;
				CLANG_WARN_DOCUMENTATION_COMMENTS = YES;
				CLANG_WARN_EMPTY_BODY = YES;
				CLANG_WARN_ENUM_CONVERSION = YES;
				CLANG_WARN_INFINITE_RECURSION = YES;
				CLANG_WARN_INT_CONVERSION = YES;
				CLANG_WARN_NON_LITERAL_NULL_CONVERSION = YES;
				CLANG_WARN_OBJC_IMPLICIT_RETAIN_SELF = YES;
				CLANG_WARN_OBJC_LITERAL_CONVERSION = YES;
				CLANG_WARN_OBJC_ROOT_CLASS = YES_ERROR;
				CLANG_WARN_RANGE_LOOP_ANALYSIS = YES;
				CLANG_WARN_STRICT_PROTOTYPES = YES;
				CLANG_WARN_SUSPICIOUS_MOVE = YES;
				CLANG_WARN_UNGUARDED_AVAILABILITY = YES_AGGRESSIVE;
				CLANG_WARN_UNREACHABLE_CODE = YES;
				CLANG_WARN__DUPLICATE_METHOD_MATCH = YES;
				COPY_PHASE_STRIP = NO;
				DEBUG_INFORMATION_FORMAT = "dwarf-with-dsym";
				ENABLE_NS_ASSERTIONS = NO;
				ENABLE_STRICT_OBJC_MSGSEND = YES;
				GCC_C_LANGUAGE_STANDARD = gnu11;
				GCC_NO_COMMON_BLOCKS = YES;
				GCC_WARN_64_TO_32_BIT_CONVERSION = YES;
				GCC_WARN_ABOUT_RETURN_TYPE = YES_ERROR;
				GCC_WARN_UNDECLARED_SELECTOR = YES;
				GCC_WARN_UNINITIALIZED_AUTOS = YES_AGGRESSIVE;
				GCC_WARN_UNUSED_FUNCTION = YES;
				GCC_WARN_UNUSED_VARIABLE = YES;
				MACOSX_DEPLOYMENT_TARGET = 10.15;
				MTL_ENABLE_DEBUG_INFO = NO;
				MTL_FAST_MATH = YES;
				SDKROOT = macosx;
				SWIFT_COMPILATION_MODE = wholemodule;
				SWIFT_OPTIMIZATION_LEVEL = "-O";
			};
			name = Release;
		};
		E267396A235BC825000CF830 /* Debug */ = {
			isa = XCBuildConfiguration;
			buildSettings = {
				CLANG_ENABLE_MODULES = YES;
				CODE_SIGN_IDENTITY = "-";
				CODE_SIGN_STYLE = Automatic;
				LD_RUNPATH_SEARCH_PATHS = (
					"$(inherited)",
					"@executable_path/../Frameworks",
					"@loader_path/../Frameworks",
				);
				"LD_RUNPATH_SEARCH_PATHS[arch=*]" = "@executable_path";
				PRODUCT_NAME = "$(TARGET_NAME)";
				STRIP_INSTALLED_PRODUCT = NO;
				SWIFT_OPTIMIZATION_LEVEL = "-Onone";
				SWIFT_VERSION = 5.0;
			};
			name = Debug;
		};
		E267396B235BC825000CF830 /* Release */ = {
			isa = XCBuildConfiguration;
			buildSettings = {
				CLANG_ENABLE_MODULES = YES;
				CODE_SIGN_IDENTITY = "-";
				CODE_SIGN_STYLE = Automatic;
				LD_RUNPATH_SEARCH_PATHS = (
					"$(inherited)",
					"@executable_path/../Frameworks",
					"@loader_path/../Frameworks",
				);
				"LD_RUNPATH_SEARCH_PATHS[arch=*]" = "@executable_path";
				PRODUCT_NAME = "$(TARGET_NAME)";
				STRIP_INSTALLED_PRODUCT = NO;
				SWIFT_VERSION = 5.0;
			};
			name = Release;
		};
/* End XCBuildConfiguration section */

/* Begin XCConfigurationList section */
		E267395D235BC825000CF830 /* Build configuration list for PBXProject "pinn" */ = {
			isa = XCConfigurationList;
			buildConfigurations = (
				E2673967235BC825000CF830 /* Debug */,
				E2673968235BC825000CF830 /* Release */,
			);
			defaultConfigurationIsVisible = 0;
			defaultConfigurationName = Release;
		};
		E2673969235BC825000CF830 /* Build configuration list for PBXNativeTarget "pinn" */ = {
			isa = XCConfigurationList;
			buildConfigurations = (
				E267396A235BC825000CF830 /* Debug */,
				E267396B235BC825000CF830 /* Release */,
			);
			defaultConfigurationIsVisible = 0;
			defaultConfigurationName = Release;
		};
/* End XCConfigurationList section */

/* Begin XCSwiftPackageProductDependency section */
		E2E3BB902398DDA200AB9A98 /* Antlr4 */ = {
			isa = XCSwiftPackageProductDependency;
			productName = Antlr4;
		};
/* End XCSwiftPackageProductDependency section */
	};
	rootObject = E267395A235BC825000CF830 /* Project object */;
}
